// !$*UTF8*$!
{
	archiveVersion = 1;
	classes = {
	};
	objectVersion = 46;
	objects = {

/* Begin PBXBuildFile section */
		9360E5C315B2651100A58B42 /* UIKit.framework in Frameworks */ = {isa = PBXBuildFile; fileRef = 9360E5C215B2651100A58B42 /* UIKit.framework */; };
		9360E5C515B2651100A58B42 /* Foundation.framework in Frameworks */ = {isa = PBXBuildFile; fileRef = 9360E5C415B2651100A58B42 /* Foundation.framework */; };
		9360E5C715B2651100A58B42 /* CoreGraphics.framework in Frameworks */ = {isa = PBXBuildFile; fileRef = 9360E5C615B2651100A58B42 /* CoreGraphics.framework */; };
		9360E5CD15B2651100A58B42 /* InfoPlist.strings in Resources */ = {isa = PBXBuildFile; fileRef = 9360E5CB15B2651100A58B42 /* InfoPlist.strings */; };
		9360E5CF15B2651100A58B42 /* main.m in Sources */ = {isa = PBXBuildFile; fileRef = 9360E5CE15B2651100A58B42 /* main.m */; };
		9360E5D315B2651100A58B42 /* SSSAppDelegate.m in Sources */ = {isa = PBXBuildFile; fileRef = 9360E5D215B2651100A58B42 /* SSSAppDelegate.m */; };
		9360E5D615B2651100A58B42 /* SSSViewController.m in Sources */ = {isa = PBXBuildFile; fileRef = 9360E5D515B2651100A58B42 /* SSSViewController.m */; };
		9360E5DC15B2651100A58B42 /* SSSViewController.xib in Resources */ = {isa = PBXBuildFile; fileRef = 9360E5DA15B2651100A58B42 /* SSSViewController.xib */; };
		9360E5E615B2672600A58B42 /* rebel.png in Resources */ = {isa = PBXBuildFile; fileRef = 9360E5E415B2672600A58B42 /* rebel.png */; };
		9360E5E715B2672600A58B42 /* rebel@2x.png in Resources */ = {isa = PBXBuildFile; fileRef = 9360E5E515B2672600A58B42 /* rebel@2x.png */; };
		9360E5EB15B26DC100A58B42 /* SSSStrikeStarDataController.m in Sources */ = {isa = PBXBuildFile; fileRef = 9360E5EA15B26DC100A58B42 /* SSSStrikeStarDataController.m */; };
		9360E5EE15B26F6600A58B42 /* SSSStrikeStarResult.m in Sources */ = {isa = PBXBuildFile; fileRef = 9360E5ED15B26F6600A58B42 /* SSSStrikeStarResult.m */; };
		9360E60515B2F42300A58B42 /* AFHTTPClient.m in Sources */ = {isa = PBXBuildFile; fileRef = 9360E5F115B2F42300A58B42 /* AFHTTPClient.m */; settings = {COMPILER_FLAGS = "-fno-objc-arc"; }; };
		9360E60615B2F42300A58B42 /* AFHTTPRequestOperation.m in Sources */ = {isa = PBXBuildFile; fileRef = 9360E5F315B2F42300A58B42 /* AFHTTPRequestOperation.m */; settings = {COMPILER_FLAGS = "-fno-objc-arc"; }; };
		9360E60715B2F42300A58B42 /* AFImageRequestOperation.m in Sources */ = {isa = PBXBuildFile; fileRef = 9360E5F515B2F42300A58B42 /* AFImageRequestOperation.m */; settings = {COMPILER_FLAGS = "-fno-objc-arc"; }; };
		9360E60815B2F42300A58B42 /* AFJSONRequestOperation.m in Sources */ = {isa = PBXBuildFile; fileRef = 9360E5F715B2F42300A58B42 /* AFJSONRequestOperation.m */; settings = {COMPILER_FLAGS = "-fno-objc-arc"; }; };
		9360E60915B2F42300A58B42 /* AFJSONUtilities.m in Sources */ = {isa = PBXBuildFile; fileRef = 9360E5F915B2F42300A58B42 /* AFJSONUtilities.m */; settings = {COMPILER_FLAGS = "-fno-objc-arc"; }; };
		9360E60A15B2F42300A58B42 /* AFNetworkActivityIndicatorManager.m in Sources */ = {isa = PBXBuildFile; fileRef = 9360E5FB15B2F42300A58B42 /* AFNetworkActivityIndicatorManager.m */; settings = {COMPILER_FLAGS = "-fno-objc-arc"; }; };
		9360E60B15B2F42300A58B42 /* AFPropertyListRequestOperation.m in Sources */ = {isa = PBXBuildFile; fileRef = 9360E5FE15B2F42300A58B42 /* AFPropertyListRequestOperation.m */; settings = {COMPILER_FLAGS = "-fno-objc-arc"; }; };
		9360E60C15B2F42300A58B42 /* AFURLConnectionOperation.m in Sources */ = {isa = PBXBuildFile; fileRef = 9360E60015B2F42300A58B42 /* AFURLConnectionOperation.m */; settings = {COMPILER_FLAGS = "-fno-objc-arc"; }; };
		9360E60D15B2F42300A58B42 /* AFXMLRequestOperation.m in Sources */ = {isa = PBXBuildFile; fileRef = 9360E60215B2F42300A58B42 /* AFXMLRequestOperation.m */; settings = {COMPILER_FLAGS = "-fno-objc-arc"; }; };
		9360E60E15B2F42300A58B42 /* UIImageView+AFNetworking.m in Sources */ = {isa = PBXBuildFile; fileRef = 9360E60415B2F42300A58B42 /* UIImageView+AFNetworking.m */; settings = {COMPILER_FLAGS = "-fno-objc-arc"; }; };
		93A8231E15B467A500E7B356 /* MBProgressHUD.m in Sources */ = {isa = PBXBuildFile; fileRef = 93A8231D15B466C900E7B356 /* MBProgressHUD.m */; };
/* End PBXBuildFile section */

/* Begin PBXFileReference section */
		9360E5BE15B2651100A58B42 /* strikescope.app */ = {isa = PBXFileReference; explicitFileType = wrapper.application; includeInIndex = 0; path = strikescope.app; sourceTree = BUILT_PRODUCTS_DIR; };
		9360E5C215B2651100A58B42 /* UIKit.framework */ = {isa = PBXFileReference; lastKnownFileType = wrapper.framework; name = UIKit.framework; path = System/Library/Frameworks/UIKit.framework; sourceTree = SDKROOT; };
		9360E5C415B2651100A58B42 /* Foundation.framework */ = {isa = PBXFileReference; lastKnownFileType = wrapper.framework; name = Foundation.framework; path = System/Library/Frameworks/Foundation.framework; sourceTree = SDKROOT; };
		9360E5C615B2651100A58B42 /* CoreGraphics.framework */ = {isa = PBXFileReference; lastKnownFileType = wrapper.framework; name = CoreGraphics.framework; path = System/Library/Frameworks/CoreGraphics.framework; sourceTree = SDKROOT; };
		9360E5CA15B2651100A58B42 /* strikescope-Info.plist */ = {isa = PBXFileReference; lastKnownFileType = text.plist.xml; path = "strikescope-Info.plist"; sourceTree = "<group>"; };
		9360E5CC15B2651100A58B42 /* en */ = {isa = PBXFileReference; lastKnownFileType = text.plist.strings; name = en; path = en.lproj/InfoPlist.strings; sourceTree = "<group>"; };
		9360E5CE15B2651100A58B42 /* main.m */ = {isa = PBXFileReference; lastKnownFileType = sourcecode.c.objc; path = main.m; sourceTree = "<group>"; };
		9360E5D015B2651100A58B42 /* strikescope-Prefix.pch */ = {isa = PBXFileReference; lastKnownFileType = sourcecode.c.h; path = "strikescope-Prefix.pch"; sourceTree = "<group>"; };
		9360E5D115B2651100A58B42 /* SSSAppDelegate.h */ = {isa = PBXFileReference; lastKnownFileType = sourcecode.c.h; path = SSSAppDelegate.h; sourceTree = "<group>"; };
		9360E5D215B2651100A58B42 /* SSSAppDelegate.m */ = {isa = PBXFileReference; lastKnownFileType = sourcecode.c.objc; path = SSSAppDelegate.m; sourceTree = "<group>"; };
		9360E5D415B2651100A58B42 /* SSSViewController.h */ = {isa = PBXFileReference; lastKnownFileType = sourcecode.c.h; path = SSSViewController.h; sourceTree = "<group>"; };
		9360E5D515B2651100A58B42 /* SSSViewController.m */ = {isa = PBXFileReference; lastKnownFileType = sourcecode.c.objc; path = SSSViewController.m; sourceTree = "<group>"; };
		9360E5DB15B2651100A58B42 /* en */ = {isa = PBXFileReference; lastKnownFileType = file.xib; name = en; path = en.lproj/SSSViewController.xib; sourceTree = "<group>"; };
		9360E5E415B2672600A58B42 /* rebel.png */ = {isa = PBXFileReference; lastKnownFileType = image.png; path = rebel.png; sourceTree = "<group>"; };
		9360E5E515B2672600A58B42 /* rebel@2x.png */ = {isa = PBXFileReference; lastKnownFileType = image.png; path = "rebel@2x.png"; sourceTree = "<group>"; };
		9360E5E915B26DC100A58B42 /* SSSStrikeStarDataController.h */ = {isa = PBXFileReference; fileEncoding = 4; lastKnownFileType = sourcecode.c.h; path = SSSStrikeStarDataController.h; sourceTree = "<group>"; };
		9360E5EA15B26DC100A58B42 /* SSSStrikeStarDataController.m */ = {isa = PBXFileReference; fileEncoding = 4; lastKnownFileType = sourcecode.c.objc; path = SSSStrikeStarDataController.m; sourceTree = "<group>"; };
		9360E5EC15B26F6600A58B42 /* SSSStrikeStarResult.h */ = {isa = PBXFileReference; fileEncoding = 4; lastKnownFileType = sourcecode.c.h; path = SSSStrikeStarResult.h; sourceTree = "<group>"; };
		9360E5ED15B26F6600A58B42 /* SSSStrikeStarResult.m */ = {isa = PBXFileReference; fileEncoding = 4; lastKnownFileType = sourcecode.c.objc; path = SSSStrikeStarResult.m; sourceTree = "<group>"; };
		9360E5F015B2F42300A58B42 /* AFHTTPClient.h */ = {isa = PBXFileReference; fileEncoding = 4; lastKnownFileType = sourcecode.c.h; path = AFHTTPClient.h; sourceTree = "<group>"; };
		9360E5F115B2F42300A58B42 /* AFHTTPClient.m */ = {isa = PBXFileReference; fileEncoding = 4; lastKnownFileType = sourcecode.c.objc; path = AFHTTPClient.m; sourceTree = "<group>"; };
		9360E5F215B2F42300A58B42 /* AFHTTPRequestOperation.h */ = {isa = PBXFileReference; fileEncoding = 4; lastKnownFileType = sourcecode.c.h; path = AFHTTPRequestOperation.h; sourceTree = "<group>"; };
		9360E5F315B2F42300A58B42 /* AFHTTPRequestOperation.m */ = {isa = PBXFileReference; fileEncoding = 4; lastKnownFileType = sourcecode.c.objc; path = AFHTTPRequestOperation.m; sourceTree = "<group>"; };
		9360E5F415B2F42300A58B42 /* AFImageRequestOperation.h */ = {isa = PBXFileReference; fileEncoding = 4; lastKnownFileType = sourcecode.c.h; path = AFImageRequestOperation.h; sourceTree = "<group>"; };
		9360E5F515B2F42300A58B42 /* AFImageRequestOperation.m */ = {isa = PBXFileReference; fileEncoding = 4; lastKnownFileType = sourcecode.c.objc; path = AFImageRequestOperation.m; sourceTree = "<group>"; };
		9360E5F615B2F42300A58B42 /* AFJSONRequestOperation.h */ = {isa = PBXFileReference; fileEncoding = 4; lastKnownFileType = sourcecode.c.h; path = AFJSONRequestOperation.h; sourceTree = "<group>"; };
		9360E5F715B2F42300A58B42 /* AFJSONRequestOperation.m */ = {isa = PBXFileReference; fileEncoding = 4; lastKnownFileType = sourcecode.c.objc; path = AFJSONRequestOperation.m; sourceTree = "<group>"; };
		9360E5F815B2F42300A58B42 /* AFJSONUtilities.h */ = {isa = PBXFileReference; fileEncoding = 4; lastKnownFileType = sourcecode.c.h; path = AFJSONUtilities.h; sourceTree = "<group>"; };
		9360E5F915B2F42300A58B42 /* AFJSONUtilities.m */ = {isa = PBXFileReference; fileEncoding = 4; lastKnownFileType = sourcecode.c.objc; path = AFJSONUtilities.m; sourceTree = "<group>"; };
		9360E5FA15B2F42300A58B42 /* AFNetworkActivityIndicatorManager.h */ = {isa = PBXFileReference; fileEncoding = 4; lastKnownFileType = sourcecode.c.h; path = AFNetworkActivityIndicatorManager.h; sourceTree = "<group>"; };
		9360E5FB15B2F42300A58B42 /* AFNetworkActivityIndicatorManager.m */ = {isa = PBXFileReference; fileEncoding = 4; lastKnownFileType = sourcecode.c.objc; path = AFNetworkActivityIndicatorManager.m; sourceTree = "<group>"; };
		9360E5FC15B2F42300A58B42 /* AFNetworking.h */ = {isa = PBXFileReference; fileEncoding = 4; lastKnownFileType = sourcecode.c.h; path = AFNetworking.h; sourceTree = "<group>"; };
		9360E5FD15B2F42300A58B42 /* AFPropertyListRequestOperation.h */ = {isa = PBXFileReference; fileEncoding = 4; lastKnownFileType = sourcecode.c.h; path = AFPropertyListRequestOperation.h; sourceTree = "<group>"; };
		9360E5FE15B2F42300A58B42 /* AFPropertyListRequestOperation.m */ = {isa = PBXFileReference; fileEncoding = 4; lastKnownFileType = sourcecode.c.objc; path = AFPropertyListRequestOperation.m; sourceTree = "<group>"; };
		9360E5FF15B2F42300A58B42 /* AFURLConnectionOperation.h */ = {isa = PBXFileReference; fileEncoding = 4; lastKnownFileType = sourcecode.c.h; path = AFURLConnectionOperation.h; sourceTree = "<group>"; };
		9360E60015B2F42300A58B42 /* AFURLConnectionOperation.m */ = {isa = PBXFileReference; fileEncoding = 4; lastKnownFileType = sourcecode.c.objc; path = AFURLConnectionOperation.m; sourceTree = "<group>"; };
		9360E60115B2F42300A58B42 /* AFXMLRequestOperation.h */ = {isa = PBXFileReference; fileEncoding = 4; lastKnownFileType = sourcecode.c.h; path = AFXMLRequestOperation.h; sourceTree = "<group>"; };
		9360E60215B2F42300A58B42 /* AFXMLRequestOperation.m */ = {isa = PBXFileReference; fileEncoding = 4; lastKnownFileType = sourcecode.c.objc; path = AFXMLRequestOperation.m; sourceTree = "<group>"; };
		9360E60315B2F42300A58B42 /* UIImageView+AFNetworking.h */ = {isa = PBXFileReference; fileEncoding = 4; lastKnownFileType = sourcecode.c.h; path = "UIImageView+AFNetworking.h"; sourceTree = "<group>"; };
		9360E60415B2F42300A58B42 /* UIImageView+AFNetworking.m */ = {isa = PBXFileReference; fileEncoding = 4; lastKnownFileType = sourcecode.c.objc; path = "UIImageView+AFNetworking.m"; sourceTree = "<group>"; };
		93A8231C15B466C900E7B356 /* MBProgressHUD.h */ = {isa = PBXFileReference; lastKnownFileType = sourcecode.c.h; name = MBProgressHUD.h; path = ../../../MBProgressHUD/MBProgressHUD.h; sourceTree = "<group>"; };
		93A8231D15B466C900E7B356 /* MBProgressHUD.m */ = {isa = PBXFileReference; lastKnownFileType = sourcecode.c.objc; name = MBProgressHUD.m; path = ../../../MBProgressHUD/MBProgressHUD.m; sourceTree = "<group>"; };
/* End PBXFileReference section */

/* Begin PBXFrameworksBuildPhase section */
		9360E5BB15B2651100A58B42 /* Frameworks */ = {
			isa = PBXFrameworksBuildPhase;
			buildActionMask = 2147483647;
			files = (
				9360E5C315B2651100A58B42 /* UIKit.framework in Frameworks */,
				9360E5C515B2651100A58B42 /* Foundation.framework in Frameworks */,
				9360E5C715B2651100A58B42 /* CoreGraphics.framework in Frameworks */,
			);
			runOnlyForDeploymentPostprocessing = 0;
		};
/* End PBXFrameworksBuildPhase section */

/* Begin PBXGroup section */
		9360E5B315B2651100A58B42 = {
			isa = PBXGroup;
			children = (
				9360E5C815B2651100A58B42 /* strikescope */,
				9360E5C115B2651100A58B42 /* Frameworks */,
				9360E5BF15B2651100A58B42 /* Products */,
			);
			sourceTree = "<group>";
		};
		9360E5BF15B2651100A58B42 /* Products */ = {
			isa = PBXGroup;
			children = (
				9360E5BE15B2651100A58B42 /* strikescope.app */,
			);
			name = Products;
			sourceTree = "<group>";
		};
		9360E5C115B2651100A58B42 /* Frameworks */ = {
			isa = PBXGroup;
			children = (
				9360E5C215B2651100A58B42 /* UIKit.framework */,
				9360E5C415B2651100A58B42 /* Foundation.framework */,
				9360E5C615B2651100A58B42 /* CoreGraphics.framework */,
			);
			name = Frameworks;
			sourceTree = "<group>";
		};
		9360E5C815B2651100A58B42 /* strikescope */ = {
			isa = PBXGroup;
			children = (
				9360E5D115B2651100A58B42 /* SSSAppDelegate.h */,
				9360E5D215B2651100A58B42 /* SSSAppDelegate.m */,
				9360E5D415B2651100A58B42 /* SSSViewController.h */,
				9360E5D515B2651100A58B42 /* SSSViewController.m */,
				9360E5E815B26DA500A58B42 /* Data */,
				9360E5E315B2672600A58B42 /* Resources */,
				9360E5E215B2658F00A58B42 /* Layouts */,
				9360E5C915B2651100A58B42 /* Supporting Files */,
				93A8231B15B466AF00E7B356 /* MBProgressHUD */,
				9360E5EF15B2F42200A58B42 /* AFNetworking */,
			);
			path = strikescope;
			sourceTree = "<group>";
		};
		9360E5C915B2651100A58B42 /* Supporting Files */ = {
			isa = PBXGroup;
			children = (
				9360E5CA15B2651100A58B42 /* strikescope-Info.plist */,
				9360E5CB15B2651100A58B42 /* InfoPlist.strings */,
				9360E5CE15B2651100A58B42 /* main.m */,
				9360E5D015B2651100A58B42 /* strikescope-Prefix.pch */,
			);
			name = "Supporting Files";
			sourceTree = "<group>";
		};
		9360E5E215B2658F00A58B42 /* Layouts */ = {
			isa = PBXGroup;
			children = (
				9360E5DA15B2651100A58B42 /* SSSViewController.xib */,
			);
			name = Layouts;
			sourceTree = "<group>";
		};
		9360E5E315B2672600A58B42 /* Resources */ = {
			isa = PBXGroup;
			children = (
				9360E5E415B2672600A58B42 /* rebel.png */,
				9360E5E515B2672600A58B42 /* rebel@2x.png */,
			);
			path = Resources;
			sourceTree = "<group>";
		};
		9360E5E815B26DA500A58B42 /* Data */ = {
			isa = PBXGroup;
			children = (
				9360E5E915B26DC100A58B42 /* SSSStrikeStarDataController.h */,
				9360E5EA15B26DC100A58B42 /* SSSStrikeStarDataController.m */,
				9360E5EC15B26F6600A58B42 /* SSSStrikeStarResult.h */,
				9360E5ED15B26F6600A58B42 /* SSSStrikeStarResult.m */,
			);
			name = Data;
			sourceTree = "<group>";
		};
		9360E5EF15B2F42200A58B42 /* AFNetworking */ = {
			isa = PBXGroup;
			children = (
				9360E5F015B2F42300A58B42 /* AFHTTPClient.h */,
				9360E5F115B2F42300A58B42 /* AFHTTPClient.m */,
				9360E5F215B2F42300A58B42 /* AFHTTPRequestOperation.h */,
				9360E5F315B2F42300A58B42 /* AFHTTPRequestOperation.m */,
				9360E5F415B2F42300A58B42 /* AFImageRequestOperation.h */,
				9360E5F515B2F42300A58B42 /* AFImageRequestOperation.m */,
				9360E5F615B2F42300A58B42 /* AFJSONRequestOperation.h */,
				9360E5F715B2F42300A58B42 /* AFJSONRequestOperation.m */,
				9360E5F815B2F42300A58B42 /* AFJSONUtilities.h */,
				9360E5F915B2F42300A58B42 /* AFJSONUtilities.m */,
				9360E5FA15B2F42300A58B42 /* AFNetworkActivityIndicatorManager.h */,
				9360E5FB15B2F42300A58B42 /* AFNetworkActivityIndicatorManager.m */,
				9360E5FC15B2F42300A58B42 /* AFNetworking.h */,
				9360E5FD15B2F42300A58B42 /* AFPropertyListRequestOperation.h */,
				9360E5FE15B2F42300A58B42 /* AFPropertyListRequestOperation.m */,
				9360E5FF15B2F42300A58B42 /* AFURLConnectionOperation.h */,
				9360E60015B2F42300A58B42 /* AFURLConnectionOperation.m */,
				9360E60115B2F42300A58B42 /* AFXMLRequestOperation.h */,
				9360E60215B2F42300A58B42 /* AFXMLRequestOperation.m */,
				9360E60315B2F42300A58B42 /* UIImageView+AFNetworking.h */,
				9360E60415B2F42300A58B42 /* UIImageView+AFNetworking.m */,
			);
			path = AFNetworking;
			sourceTree = "<group>";
		};
		93A8231B15B466AF00E7B356 /* MBProgressHUD */ = {
			isa = PBXGroup;
			children = (
				93A8231C15B466C900E7B356 /* MBProgressHUD.h */,
				93A8231D15B466C900E7B356 /* MBProgressHUD.m */,
			);
			name = MBProgressHUD;
			sourceTree = "<group>";
		};
/* End PBXGroup section */

/* Begin PBXNativeTarget section */
		9360E5BD15B2651100A58B42 /* strikescope */ = {
			isa = PBXNativeTarget;
			buildConfigurationList = 9360E5DF15B2651100A58B42 /* Build configuration list for PBXNativeTarget "strikescope" */;
			buildPhases = (
				9360E5BA15B2651100A58B42 /* Sources */,
				9360E5BB15B2651100A58B42 /* Frameworks */,
				9360E5BC15B2651100A58B42 /* Resources */,
			);
			buildRules = (
			);
			dependencies = (
			);
			name = strikescope;
			productName = strikescope;
			productReference = 9360E5BE15B2651100A58B42 /* strikescope.app */;
			productType = "com.apple.product-type.application";
		};
/* End PBXNativeTarget section */

/* Begin PBXProject section */
		9360E5B515B2651100A58B42 /* Project object */ = {
			isa = PBXProject;
			attributes = {
				CLASSPREFIX = SSS;
				LastUpgradeCheck = 0430;
			};
			buildConfigurationList = 9360E5B815B2651100A58B42 /* Build configuration list for PBXProject "strikescope" */;
			compatibilityVersion = "Xcode 3.2";
			developmentRegion = English;
			hasScannedForEncodings = 0;
			knownRegions = (
				en,
			);
			mainGroup = 9360E5B315B2651100A58B42;
			productRefGroup = 9360E5BF15B2651100A58B42 /* Products */;
			projectDirPath = "";
			projectRoot = "";
			targets = (
				9360E5BD15B2651100A58B42 /* strikescope */,
			);
		};
/* End PBXProject section */

/* Begin PBXResourcesBuildPhase section */
		9360E5BC15B2651100A58B42 /* Resources */ = {
			isa = PBXResourcesBuildPhase;
			buildActionMask = 2147483647;
			files = (
				9360E5CD15B2651100A58B42 /* InfoPlist.strings in Resources */,
				9360E5DC15B2651100A58B42 /* SSSViewController.xib in Resources */,
				9360E5E615B2672600A58B42 /* rebel.png in Resources */,
				9360E5E715B2672600A58B42 /* rebel@2x.png in Resources */,
			);
			runOnlyForDeploymentPostprocessing = 0;
		};
/* End PBXResourcesBuildPhase section */

/* Begin PBXSourcesBuildPhase section */
		9360E5BA15B2651100A58B42 /* Sources */ = {
			isa = PBXSourcesBuildPhase;
			buildActionMask = 2147483647;
			files = (
				93A8231E15B467A500E7B356 /* MBProgressHUD.m in Sources */,
				9360E5CF15B2651100A58B42 /* main.m in Sources */,
				9360E5D315B2651100A58B42 /* SSSAppDelegate.m in Sources */,
				9360E5D615B2651100A58B42 /* SSSViewController.m in Sources */,
				9360E5EB15B26DC100A58B42 /* SSSStrikeStarDataController.m in Sources */,
				9360E5EE15B26F6600A58B42 /* SSSStrikeStarResult.m in Sources */,
				9360E60515B2F42300A58B42 /* AFHTTPClient.m in Sources */,
				9360E60615B2F42300A58B42 /* AFHTTPRequestOperation.m in Sources */,
				9360E60715B2F42300A58B42 /* AFImageRequestOperation.m in Sources */,
				9360E60815B2F42300A58B42 /* AFJSONRequestOperation.m in Sources */,
				9360E60915B2F42300A58B42 /* AFJSONUtilities.m in Sources */,
				9360E60A15B2F42300A58B42 /* AFNetworkActivityIndicatorManager.m in Sources */,
				9360E60B15B2F42300A58B42 /* AFPropertyListRequestOperation.m in Sources */,
				9360E60C15B2F42300A58B42 /* AFURLConnectionOperation.m in Sources */,
				9360E60D15B2F42300A58B42 /* AFXMLRequestOperation.m in Sources */,
				9360E60E15B2F42300A58B42 /* UIImageView+AFNetworking.m in Sources */,
			);
			runOnlyForDeploymentPostprocessing = 0;
		};
/* End PBXSourcesBuildPhase section */

/* Begin PBXVariantGroup section */
		9360E5CB15B2651100A58B42 /* InfoPlist.strings */ = {
			isa = PBXVariantGroup;
			children = (
				9360E5CC15B2651100A58B42 /* en */,
			);
			name = InfoPlist.strings;
			sourceTree = "<group>";
		};
		9360E5DA15B2651100A58B42 /* SSSViewController.xib */ = {
			isa = PBXVariantGroup;
			children = (
				9360E5DB15B2651100A58B42 /* en */,
			);
			name = SSSViewController.xib;
			sourceTree = "<group>";
		};
/* End PBXVariantGroup section */

/* Begin XCBuildConfiguration section */
		9360E5DD15B2651100A58B42 /* Debug */ = {
			isa = XCBuildConfiguration;
			buildSettings = {
				ALWAYS_SEARCH_USER_PATHS = NO;
				ARCHS = "$(ARCHS_STANDARD_32_BIT)";
				CLANG_ENABLE_OBJC_ARC = YES;
				"CODE_SIGN_IDENTITY[sdk=iphoneos*]" = "iPhone Developer";
				COPY_PHASE_STRIP = NO;
				GCC_C_LANGUAGE_STANDARD = gnu99;
				GCC_DYNAMIC_NO_PIC = NO;
				GCC_OPTIMIZATION_LEVEL = 0;
				GCC_PREPROCESSOR_DEFINITIONS = (
					"DEBUG=1",
					"$(inherited)",
				);
				GCC_SYMBOLS_PRIVATE_EXTERN = NO;
				GCC_VERSION = com.apple.compilers.llvm.clang.1_0;
				GCC_WARN_ABOUT_RETURN_TYPE = YES;
				GCC_WARN_UNINITIALIZED_AUTOS = YES;
				GCC_WARN_UNUSED_VARIABLE = YES;
				IPHONEOS_DEPLOYMENT_TARGET = 5.0;
				SDKROOT = iphoneos;
				TARGETED_DEVICE_FAMILY = "1,2";
			};
			name = Debug;
		};
		9360E5DE15B2651100A58B42 /* Release */ = {
			isa = XCBuildConfiguration;
			buildSettings = {
				ALWAYS_SEARCH_USER_PATHS = NO;
				ARCHS = "$(ARCHS_STANDARD_32_BIT)";
				CLANG_ENABLE_OBJC_ARC = YES;
				"CODE_SIGN_IDENTITY[sdk=iphoneos*]" = "iPhone Developer";
				COPY_PHASE_STRIP = YES;
				GCC_C_LANGUAGE_STANDARD = gnu99;
				GCC_VERSION = com.apple.compilers.llvm.clang.1_0;
				GCC_WARN_ABOUT_RETURN_TYPE = YES;
				GCC_WARN_UNINITIALIZED_AUTOS = YES;
				GCC_WARN_UNUSED_VARIABLE = YES;
				IPHONEOS_DEPLOYMENT_TARGET = 5.0;
				OTHER_CFLAGS = "-DNS_BLOCK_ASSERTIONS=1";
				SDKROOT = iphoneos;
				TARGETED_DEVICE_FAMILY = "1,2";
				VALIDATE_PRODUCT = YES;
			};
			name = Release;
		};
		9360E5E015B2651100A58B42 /* Debug */ = {
			isa = XCBuildConfiguration;
			buildSettings = {
				GCC_PRECOMPILE_PREFIX_HEADER = YES;
				GCC_PREFIX_HEADER = "strikescope/strikescope-Prefix.pch";
				INFOPLIST_FILE = "strikescope/strikescope-Info.plist";
				IPHONEOS_DEPLOYMENT_TARGET = 5.0;
				PRODUCT_NAME = "$(TARGET_NAME)";
				WRAPPER_EXTENSION = app;
			};
			name = Debug;
		};
		9360E5E115B2651100A58B42 /* Release */ = {
			isa = XCBuildConfiguration;
			buildSettings = {
				GCC_PRECOMPILE_PREFIX_HEADER = YES;
				GCC_PREFIX_HEADER = "strikescope/strikescope-Prefix.pch";
				INFOPLIST_FILE = "strikescope/strikescope-Info.plist";
				IPHONEOS_DEPLOYMENT_TARGET = 5.0;
				PRODUCT_NAME = "$(TARGET_NAME)";
				WRAPPER_EXTENSION = app;
			};
			name = Release;
		};
/* End XCBuildConfiguration section */

/* Begin XCConfigurationList section */
		9360E5B815B2651100A58B42 /* Build configuration list for PBXProject "strikescope" */ = {
			isa = XCConfigurationList;
			buildConfigurations = (
				9360E5DD15B2651100A58B42 /* Debug */,
				9360E5DE15B2651100A58B42 /* Release */,
			);
			defaultConfigurationIsVisible = 0;
			defaultConfigurationName = Release;
		};
		9360E5DF15B2651100A58B42 /* Build configuration list for PBXNativeTarget "strikescope" */ = {
			isa = XCConfigurationList;
			buildConfigurations = (
				9360E5E015B2651100A58B42 /* Debug */,
				9360E5E115B2651100A58B42 /* Release */,
			);
			defaultConfigurationIsVisible = 0;
			defaultConfigurationName = Release;
		};
/* End XCConfigurationList section */
	};
	rootObject = 9360E5B515B2651100A58B42 /* Project object */;
}
